
Microsoft Visual Studio Solution File, Format Version 12.00
# Visual Studio Version 17
VisualStudioVersion = 17.13.35825.156 d17.13
MinimumVisualStudioVersion = 10.0.40219.1
Project("{FAE04EC0-301F-11D3-BF4B-00C04F79EFBC}") = "ProjectManagement", "ProjectManagement\ProjectManagement.csproj", "{A8C61C28-4230-4DCB-BFC6-487E33DE48AA}"
EndProject
Global
	GlobalSection(SolutionConfigurationPlatforms) = preSolution
		Debug|Any CPU = Debug|Any CPU
		Release|Any CPU = Release|Any CPU
	EndGlobalSection
	GlobalSection(ProjectConfigurationPlatforms) = postSolution
		{A8C61C28-4230-4DCB-BFC6-487E33DE48AA}.Debug|Any CPU.ActiveCfg = Debug|Any CPU
		{A8C61C28-4230-4DCB-BFC6-487E33DE48AA}.Debug|Any CPU.Build.0 = Debug|Any CPU
		{A8C61C28-4230-4DCB-BFC6-487E33DE48AA}.Release|Any CPU.ActiveCfg = Release|Any CPU
		{A8C61C28-4230-4DCB-BFC6-487E33DE48AA}.Release|Any CPU.Build.0 = Release|Any CPU
	EndGlobalSection
	GlobalSection(SolutionProperties) = preSolution
		HideSolutionNode = FALSE
	EndGlobalSection
	GlobalSection(ExtensibilityGlobals) = postSolution
		SolutionGuid = {EE3537EF-34FC-422C-9C3A-819D5CB1A340}
	EndGlobalSection
EndGlobal
